
Microsoft Visual Studio Solution File, Format Version 12.00
# Visual Studio Version 16
VisualStudioVersion = 16.0.31624.102
MinimumVisualStudioVersion = 10.0.40219.1
Project("{9A19103F-16F7-4668-BE54-9A1E7A4F7556}") = "RoyalCNCTrackerLib", "RoyalCNCTrackerLib.csproj", "{504A0777-3F3E-4141-9311-6F2A41E964A9}"
EndProject
Project("{9A19103F-16F7-4668-BE54-9A1E7A4F7556}") = "CNCLibTests", "..\CNCLibTests\CNCLibTests.csproj", "{8FE161A9-B60B-458E-9AEA-76BF97846D55}"
EndProject
Project("{FAE04EC0-301F-11D3-BF4B-00C04F79EFBC}") = "RoyalCNCTracker", "..\RoyalCNCTracker\RoyalCNCTracker.csproj", "{06131053-A3D6-4687-9E6E-3C70A03B140A}"
EndProject
Global
	GlobalSection(SolutionConfigurationPlatforms) = preSolution
		Debug|Any CPU = Debug|Any CPU
		Release|Any CPU = Release|Any CPU
	EndGlobalSection
	GlobalSection(ProjectConfigurationPlatforms) = postSolution
		{504A0777-3F3E-4141-9311-6F2A41E964A9}.Debug|Any CPU.ActiveCfg = Debug|Any CPU
		{504A0777-3F3E-4141-9311-6F2A41E964A9}.Debug|Any CPU.Build.0 = Debug|Any CPU
		{504A0777-3F3E-4141-9311-6F2A41E964A9}.Release|Any CPU.ActiveCfg = Release|Any CPU
		{504A0777-3F3E-4141-9311-6F2A41E964A9}.Release|Any CPU.Build.0 = Release|Any CPU
		{8FE161A9-B60B-458E-9AEA-76BF97846D55}.Debug|Any CPU.ActiveCfg = Debug|Any CPU
		{8FE161A9-B60B-458E-9AEA-76BF97846D55}.Debug|Any CPU.Build.0 = Debug|Any CPU
		{8FE161A9-B60B-458E-9AEA-76BF97846D55}.Release|Any CPU.ActiveCfg = Release|Any CPU
		{8FE161A9-B60B-458E-9AEA-76BF97846D55}.Release|Any CPU.Build.0 = Release|Any CPU
		{06131053-A3D6-4687-9E6E-3C70A03B140A}.Debug|Any CPU.ActiveCfg = Debug|Any CPU
		{06131053-A3D6-4687-9E6E-3C70A03B140A}.Debug|Any CPU.Build.0 = Debug|Any CPU
		{06131053-A3D6-4687-9E6E-3C70A03B140A}.Release|Any CPU.ActiveCfg = Release|Any CPU
		{06131053-A3D6-4687-9E6E-3C70A03B140A}.Release|Any CPU.Build.0 = Release|Any CPU
	EndGlobalSection
	GlobalSection(SolutionProperties) = preSolution
		HideSolutionNode = FALSE
	EndGlobalSection
	GlobalSection(ExtensibilityGlobals) = postSolution
		SolutionGuid = {AF00A980-2F0C-40E9-A975-9DE8C337255E}
	EndGlobalSection
EndGlobal
